
Microsoft Visual Studio Solution File, Format Version 12.00
# Visual Studio Version 17
VisualStudioVersion = 17.6.33723.286
MinimumVisualStudioVersion = 10.0.40219.1
Project("{8BC9CEB8-8B4A-11D0-8D11-00A0C91BC942}") = "Structural patterns", "Structural patterns.vcxproj", "{4B736F46-0F45-4BDE-8CBD-9C61CC0A47E5}"
EndProject
Global
	GlobalSection(SolutionConfigurationPlatforms) = preSolution
		Debug|x64 = Debug|x64
		Debug|x86 = Debug|x86
		Release|x64 = Release|x64
		Release|x86 = Release|x86
	EndGlobalSection
	GlobalSection(ProjectConfigurationPlatforms) = postSolution
		{4B736F46-0F45-4BDE-8CBD-9C61CC0A47E5}.Debug|x64.ActiveCfg = Debug|x64
		{4B736F46-0F45-4BDE-8CBD-9C61CC0A47E5}.Debug|x64.Build.0 = Debug|x64
		{4B736F46-0F45-4BDE-8CBD-9C61CC0A47E5}.Debug|x86.ActiveCfg = Debug|Win32
		{4B736F46-0F45-4BDE-8CBD-9C61CC0A47E5}.Debug|x86.Build.0 = Debug|Win32
		{4B736F46-0F45-4BDE-8CBD-9C61CC0A47E5}.Release|x64.ActiveCfg = Release|x64
		{4B736F46-0F45-4BDE-8CBD-9C61CC0A47E5}.Release|x64.Build.0 = Release|x64
		{4B736F46-0F45-4BDE-8CBD-9C61CC0A47E5}.Release|x86.ActiveCfg = Release|Win32
		{4B736F46-0F45-4BDE-8CBD-9C61CC0A47E5}.Release|x86.Build.0 = Release|Win32
	EndGlobalSection
	GlobalSection(SolutionProperties) = preSolution
		HideSolutionNode = FALSE
	EndGlobalSection
	GlobalSection(ExtensibilityGlobals) = postSolution
		SolutionGuid = {165580E3-DF01-41CC-A64B-FF0E077828A8}
	EndGlobalSection
EndGlobal
